{
  "requires": true,
  "lockfileVersion": 1,
  "dependencies": {
    "@vue/cli-plugin-vuex": {
      "version": "4.5.17",
      "resolved": "https://registry.npmmirror.com/@vue/cli-plugin-vuex/-/cli-plugin-vuex-4.5.17.tgz",
      "integrity": "sha512-ck/ju2T2dmPKLWK/5QctNJs9SCb+eSZbbmr8neFkMc7GlbXw6qLWw5v3Vpd4KevdQA8QuQOA1pjUmzpCiU/mYQ==",
      "dev": true
    }
  }
}
